
Microsoft Visual Studio Solution File, Format Version 12.00
# Visual Studio Version 17
VisualStudioVersion = 17.5.33516.290
MinimumVisualStudioVersion = 10.0.40219.1
Project("{FAE04EC0-301F-11D3-BF4B-00C04F79EFBC}") = "Curseforge-folderizer", "Curseforge-folderizer\Curseforge-folderizer.csproj", "{6CDF9EE6-C788-423D-A8D4-70A39025CE4A}"
EndProject
Global
	GlobalSection(SolutionConfigurationPlatforms) = preSolution
		Debug|Any CPU = Debug|Any CPU
		Release|Any CPU = Release|Any CPU
	EndGlobalSection
	GlobalSection(ProjectConfigurationPlatforms) = postSolution
		{6CDF9EE6-C788-423D-A8D4-70A39025CE4A}.Debug|Any CPU.ActiveCfg = Debug|Any CPU
		{6CDF9EE6-C788-423D-A8D4-70A39025CE4A}.Debug|Any CPU.Build.0 = Debug|Any CPU
		{6CDF9EE6-C788-423D-A8D4-70A39025CE4A}.Release|Any CPU.ActiveCfg = Release|Any CPU
		{6CDF9EE6-C788-423D-A8D4-70A39025CE4A}.Release|Any CPU.Build.0 = Release|Any CPU
	EndGlobalSection
	GlobalSection(SolutionProperties) = preSolution
		HideSolutionNode = FALSE
	EndGlobalSection
	GlobalSection(ExtensibilityGlobals) = postSolution
		SolutionGuid = {7564E0B9-7860-4891-8680-E9B4C1C78201}
	EndGlobalSection
EndGlobal
